
Microsoft Visual Studio Solution File, Format Version 12.00
# Visual Studio Version 17
VisualStudioVersion = 17.1.32228.430
MinimumVisualStudioVersion = 10.0.40219.1
Project("{FAE04EC0-301F-11D3-BF4B-00C04F79EFBC}") = "MindBoxTest", "MindBoxTest\MindBoxTest.csproj", "{7F9AE507-DA03-4E4B-8D87-215B0CB19095}"
EndProject
Project("{FAE04EC0-301F-11D3-BF4B-00C04F79EFBC}") = "LibraryTesting", "LibraryTesting\LibraryTesting.csproj", "{9FB7F07F-B47E-41F1-96C4-CE4E191EE4FC}"
EndProject
Global
	GlobalSection(SolutionConfigurationPlatforms) = preSolution
		Debug|Any CPU = Debug|Any CPU
		Release|Any CPU = Release|Any CPU
	EndGlobalSection
	GlobalSection(ProjectConfigurationPlatforms) = postSolution
		{7F9AE507-DA03-4E4B-8D87-215B0CB19095}.Debug|Any CPU.ActiveCfg = Debug|Any CPU
		{7F9AE507-DA03-4E4B-8D87-215B0CB19095}.Debug|Any CPU.Build.0 = Debug|Any CPU
		{7F9AE507-DA03-4E4B-8D87-215B0CB19095}.Release|Any CPU.ActiveCfg = Release|Any CPU
		{7F9AE507-DA03-4E4B-8D87-215B0CB19095}.Release|Any CPU.Build.0 = Release|Any CPU
		{9FB7F07F-B47E-41F1-96C4-CE4E191EE4FC}.Debug|Any CPU.ActiveCfg = Debug|Any CPU
		{9FB7F07F-B47E-41F1-96C4-CE4E191EE4FC}.Debug|Any CPU.Build.0 = Debug|Any CPU
		{9FB7F07F-B47E-41F1-96C4-CE4E191EE4FC}.Release|Any CPU.ActiveCfg = Release|Any CPU
		{9FB7F07F-B47E-41F1-96C4-CE4E191EE4FC}.Release|Any CPU.Build.0 = Release|Any CPU
	EndGlobalSection
	GlobalSection(SolutionProperties) = preSolution
		HideSolutionNode = FALSE
	EndGlobalSection
	GlobalSection(ExtensibilityGlobals) = postSolution
		SolutionGuid = {D6A89756-3CE2-44BC-AF20-6675D30608B2}
	EndGlobalSection
EndGlobal
